
Microsoft Visual Studio Solution File, Format Version 12.00
# Visual Studio Version 17
VisualStudioVersion = 17.6.33829.357
MinimumVisualStudioVersion = 10.0.40219.1
Project("{9A19103F-16F7-4668-BE54-9A1E7A4F7556}") = "K2TransducerAsr", "K2TransducerAsr\K2TransducerAsr.csproj", "{AE7C7B96-75E2-4CF1-ACBA-0647E3E8DCA7}"
EndProject
Global
	GlobalSection(SolutionConfigurationPlatforms) = preSolution
		Debug|Any CPU = Debug|Any CPU
		Release|Any CPU = Release|Any CPU
	EndGlobalSection
	GlobalSection(ProjectConfigurationPlatforms) = postSolution
		{AE7C7B96-75E2-4CF1-ACBA-0647E3E8DCA7}.Debug|Any CPU.ActiveCfg = Debug|Any CPU
		{AE7C7B96-75E2-4CF1-ACBA-0647E3E8DCA7}.Debug|Any CPU.Build.0 = Debug|Any CPU
		{AE7C7B96-75E2-4CF1-ACBA-0647E3E8DCA7}.Release|Any CPU.ActiveCfg = Release|Any CPU
		{AE7C7B96-75E2-4CF1-ACBA-0647E3E8DCA7}.Release|Any CPU.Build.0 = Release|Any CPU
	EndGlobalSection
	GlobalSection(SolutionProperties) = preSolution
		HideSolutionNode = FALSE
	EndGlobalSection
	GlobalSection(ExtensibilityGlobals) = postSolution
		SolutionGuid = {AB085E2F-415E-4996-9F6D-3E962356F738}
	EndGlobalSection
EndGlobal
